Microsoft Visual Studio Solution File, Format Version 12.00
# Visual Studio Version 17
VisualStudioVersion = 17.5.2.0
MinimumVisualStudioVersion = 10.0.40219.1
Project("{FAE04EC0-301F-11D3-BF4B-00C04F79EFBC}") = "availability-notify", "availability-notify.csproj", "{D14BCD8D-52A7-B676-BD25-C5B33661F152}"
EndProject
Project("{FAE04EC0-301F-11D3-BF4B-00C04F79EFBC}") = "AvailabilityNotify.Tests", "AvailabilityNotify.Tests\AvailabilityNotify.Tests.csproj", "{DCD4D410-3136-D3D9-067C-EE852B05DDD2}"
EndProject
Global
	GlobalSection(SolutionConfigurationPlatforms) = preSolution
		Debug|Any CPU = Debug|Any CPU
		Release|Any CPU = Release|Any CPU
	EndGlobalSection
	GlobalSection(ProjectConfigurationPlatforms) = postSolution
		{D14BCD8D-52A7-B676-BD25-C5B33661F152}.Debug|Any CPU.ActiveCfg = Debug|Any CPU
		{D14BCD8D-52A7-B676-BD25-C5B33661F152}.Debug|Any CPU.Build.0 = Debug|Any CPU
		{D14BCD8D-52A7-B676-BD25-C5B33661F152}.Release|Any CPU.ActiveCfg = Release|Any CPU
		{D14BCD8D-52A7-B676-BD25-C5B33661F152}.Release|Any CPU.Build.0 = Release|Any CPU
		{DCD4D410-3136-D3D9-067C-EE852B05DDD2}.Debug|Any CPU.ActiveCfg = Debug|Any CPU
		{DCD4D410-3136-D3D9-067C-EE852B05DDD2}.Debug|Any CPU.Build.0 = Debug|Any CPU
		{DCD4D410-3136-D3D9-067C-EE852B05DDD2}.Release|Any CPU.ActiveCfg = Release|Any CPU
		{DCD4D410-3136-D3D9-067C-EE852B05DDD2}.Release|Any CPU.Build.0 = Release|Any CPU
	EndGlobalSection
	GlobalSection(SolutionProperties) = preSolution
		HideSolutionNode = FALSE
	EndGlobalSection
	GlobalSection(ExtensibilityGlobals) = postSolution
		SolutionGuid = {7F3B1C65-41EE-4072-9B3B-8B1C78D88BEC}
	EndGlobalSection
EndGlobal
